
Microsoft Visual Studio Solution File, Format Version 12.00
# Visual Studio Version 16
VisualStudioVersion = 16.0.30717.126
MinimumVisualStudioVersion = 10.0.40219.1
Project("{2150E333-8FDC-42A3-9474-1A3956D46DE8}") = "src", "src", "{BDCD9651-D4C2-40FF-8469-B4D13BB23936}"
EndProject
Project("{2150E333-8FDC-42A3-9474-1A3956D46DE8}") = "test", "test", "{7CD8D876-20E0-4492-AB6B-69F6160847BF}"
EndProject
Project("{9A19103F-16F7-4668-BE54-9A1E7A4F7556}") = "VoucherManagement", "VoucherManagement.csproj", "{41AB6F50-6F1B-4F5E-B48D-930F692274B6}"
EndProject
Project("{FAE04EC0-301F-11D3-BF4B-00C04F79EFBC}") = "VoucherManagement.BusinessLogic", "..\VoucherManagement.BusinessLogic\VoucherManagement.BusinessLogic.csproj", "{F4C0567C-5C69-4B55-85D9-9DB77D9BE690}"
EndProject
Global
	GlobalSection(SolutionConfigurationPlatforms) = preSolution
		Debug|Any CPU = Debug|Any CPU
		Release|Any CPU = Release|Any CPU
	EndGlobalSection
	GlobalSection(ProjectConfigurationPlatforms) = postSolution
		{41AB6F50-6F1B-4F5E-B48D-930F692274B6}.Debug|Any CPU.ActiveCfg = Debug|Any CPU
		{41AB6F50-6F1B-4F5E-B48D-930F692274B6}.Debug|Any CPU.Build.0 = Debug|Any CPU
		{41AB6F50-6F1B-4F5E-B48D-930F692274B6}.Release|Any CPU.ActiveCfg = Release|Any CPU
		{41AB6F50-6F1B-4F5E-B48D-930F692274B6}.Release|Any CPU.Build.0 = Release|Any CPU
		{F4C0567C-5C69-4B55-85D9-9DB77D9BE690}.Debug|Any CPU.ActiveCfg = Debug|Any CPU
		{F4C0567C-5C69-4B55-85D9-9DB77D9BE690}.Debug|Any CPU.Build.0 = Debug|Any CPU
		{F4C0567C-5C69-4B55-85D9-9DB77D9BE690}.Release|Any CPU.ActiveCfg = Release|Any CPU
		{F4C0567C-5C69-4B55-85D9-9DB77D9BE690}.Release|Any CPU.Build.0 = Release|Any CPU
	EndGlobalSection
	GlobalSection(SolutionProperties) = preSolution
		HideSolutionNode = FALSE
	EndGlobalSection
	GlobalSection(NestedProjects) = preSolution
		{41AB6F50-6F1B-4F5E-B48D-930F692274B6} = {BDCD9651-D4C2-40FF-8469-B4D13BB23936}
		{F4C0567C-5C69-4B55-85D9-9DB77D9BE690} = {BDCD9651-D4C2-40FF-8469-B4D13BB23936}
	EndGlobalSection
	GlobalSection(ExtensibilityGlobals) = postSolution
		SolutionGuid = {7353AE68-D4EC-4E74-BA6B-3C18A1A3BE89}
	EndGlobalSection
EndGlobal
